
Microsoft Visual Studio Solution File, Format Version 12.00
# Visual Studio Version 16
VisualStudioVersion = 16.0.30804.86
MinimumVisualStudioVersion = 10.0.40219.1
Project("{9A19103F-16F7-4668-BE54-9A1E7A4F7556}") = "MyOwnList", "MyOwnList\MyOwnList.csproj", "{CC376BF9-8AF3-4390-A23E-008A37BE3DAE}"
EndProject
Project("{FAE04EC0-301F-11D3-BF4B-00C04F79EFBC}") = "MyOwnList.XUnitTest", "MyOwnList.XUnitTest\MyOwnList.XUnitTest.csproj", "{B38FE431-39D8-448F-A180-E702294C36FA}"
EndProject
Global
	GlobalSection(SolutionConfigurationPlatforms) = preSolution
		Debug|Any CPU = Debug|Any CPU
		Release|Any CPU = Release|Any CPU
	EndGlobalSection
	GlobalSection(ProjectConfigurationPlatforms) = postSolution
		{CC376BF9-8AF3-4390-A23E-008A37BE3DAE}.Debug|Any CPU.ActiveCfg = Debug|Any CPU
		{CC376BF9-8AF3-4390-A23E-008A37BE3DAE}.Debug|Any CPU.Build.0 = Debug|Any CPU
		{CC376BF9-8AF3-4390-A23E-008A37BE3DAE}.Release|Any CPU.ActiveCfg = Release|Any CPU
		{CC376BF9-8AF3-4390-A23E-008A37BE3DAE}.Release|Any CPU.Build.0 = Release|Any CPU
		{B38FE431-39D8-448F-A180-E702294C36FA}.Debug|Any CPU.ActiveCfg = Debug|Any CPU
		{B38FE431-39D8-448F-A180-E702294C36FA}.Debug|Any CPU.Build.0 = Debug|Any CPU
		{B38FE431-39D8-448F-A180-E702294C36FA}.Release|Any CPU.ActiveCfg = Release|Any CPU
		{B38FE431-39D8-448F-A180-E702294C36FA}.Release|Any CPU.Build.0 = Release|Any CPU
	EndGlobalSection
	GlobalSection(SolutionProperties) = preSolution
		HideSolutionNode = FALSE
	EndGlobalSection
	GlobalSection(ExtensibilityGlobals) = postSolution
		SolutionGuid = {C0633294-6B68-4DCA-BC42-96609DBF4B8F}
	EndGlobalSection
EndGlobal
